// !$*UTF8*$!
{
	archiveVersion = 1;
	classes = {
	};
	objectVersion = 56;
	objects = {

/* Begin PBXBuildFile section */
		3D2E2F0F2CF56310002E06CF /* GyroControlView.swift in Sources */ = {isa = PBXBuildFile; fileRef = 3D2E2F0B2CF56310002E06CF /* GyroControlView.swift */; };
		3D2E2F102CF56310002E06CF /* MotionManager.swift in Sources */ = {isa = PBXBuildFile; fileRef = 3D2E2F0C2CF56310002E06CF /* MotionManager.swift */; };
		3D2E2F112CF56310002E06CF /* MovingHeadSettings.swift in Sources */ = {isa = PBXBuildFile; fileRef = 3D2E2F0D2CF56310002E06CF /* MovingHeadSettings.swift */; };
		3D2E2F132CF56338002E06CF /* RoomModel.swift in Sources */ = {isa = PBXBuildFile; fileRef = 3D2E2F122CF56338002E06CF /* RoomModel.swift */; };
		3D2E2F152CF56353002E06CF /* RoomSetupView.swift in Sources */ = {isa = PBXBuildFile; fileRef = 3D2E2F142CF56353002E06CF /* RoomSetupView.swift */; };
		3D2E2F192CF563B2002E06CF /* Room3DView.swift in Sources */ = {isa = PBXBuildFile; fileRef = 3D2E2F182CF563B2002E06CF /* Room3DView.swift */; };
		3D2E2F1B2CF56BDA002E06CF /* LightPositioningView.swift in Sources */ = {isa = PBXBuildFile; fileRef = 3D2E2F1A2CF56BDA002E06CF /* LightPositioningView.swift */; };
		3D2E2F1D2CF6A642002E06CF /* CueMakerView.swift in Sources */ = {isa = PBXBuildFile; fileRef = 3D2E2F1C2CF6A642002E06CF /* CueMakerView.swift */; };
		3D78D3802C37812700123283 /* LaserColorView.swift in Sources */ = {isa = PBXBuildFile; fileRef = 3D78D37F2C37812700123283 /* LaserColorView.swift */; };
		3D78D3822C37817500123283 /* PatternControlView.swift in Sources */ = {isa = PBXBuildFile; fileRef = 3D78D3812C37817500123283 /* PatternControlView.swift */; };
		3D78D3842C37819F00123283 /* ModeControlView.swift in Sources */ = {isa = PBXBuildFile; fileRef = 3D78D3832C37819F00123283 /* ModeControlView.swift */; };
		3D78D3862C3781BF00123283 /* LaserSettings.swift in Sources */ = {isa = PBXBuildFile; fileRef = 3D78D3852C3781BF00123283 /* LaserSettings.swift */; };
		3D78D38A2C37AF6900123283 /* HomeView.swift in Sources */ = {isa = PBXBuildFile; fileRef = 3D78D3892C37AF6900123283 /* HomeView.swift */; };
		3D953A2B2CA3B93900E66C94 /* Objects.swift in Sources */ = {isa = PBXBuildFile; fileRef = 3D953A2A2CA3B93900E66C94 /* Objects.swift */; };
		3D953A2D2CA4E2B600E66C94 /* TapDetector.swift in Sources */ = {isa = PBXBuildFile; fileRef = 3D953A2C2CA4E2B600E66C94 /* TapDetector.swift */; };
		3D953A2F2CA60C9200E66C94 /* CustomSliderView.swift in Sources */ = {isa = PBXBuildFile; fileRef = 3D953A2E2CA60C9200E66C94 /* CustomSliderView.swift */; };
		3DA7ADAD2C3A3C6100D52F38 /* LaserConfig.swift in Sources */ = {isa = PBXBuildFile; fileRef = 3DA7ADAC2C3A3C6100D52F38 /* LaserConfig.swift */; };
		3DDEEFAC2CE96B7E00429363 /* SettingsView.swift in Sources */ = {isa = PBXBuildFile; fileRef = 3DDEEFAB2CE96B7E00429363 /* SettingsView.swift */; };
		3DDEEFAE2CE96EE700429363 /* ServerSettings.swift in Sources */ = {isa = PBXBuildFile; fileRef = 3DDEEFAD2CE96EE700429363 /* ServerSettings.swift */; };
		3DDEEFB22CE99E0100429363 /* SocketIOManager.swift in Sources */ = {isa = PBXBuildFile; fileRef = 3DDEEFB12CE99E0100429363 /* SocketIOManager.swift */; };
		3DDEEFB52CE99E9B00429363 /* SocketIO in Frameworks */ = {isa = PBXBuildFile; productRef = 3DDEEFB42CE99E9B00429363 /* SocketIO */; };
		3DF733472C3F7F3700DF9C83 /* Extensions.swift in Sources */ = {isa = PBXBuildFile; fileRef = 3DF733462C3F7F3700DF9C83 /* Extensions.swift */; };
		3DFD8A8F2C377AB100A8B186 /* LaserSyncApp.swift in Sources */ = {isa = PBXBuildFile; fileRef = 3DFD8A8E2C377AB100A8B186 /* LaserSyncApp.swift */; };
		3DFD8A912C377AB100A8B186 /* ContentView.swift in Sources */ = {isa = PBXBuildFile; fileRef = 3DFD8A902C377AB100A8B186 /* ContentView.swift */; };
		3DFD8A932C377AB300A8B186 /* Assets.xcassets in Resources */ = {isa = PBXBuildFile; fileRef = 3DFD8A922C377AB300A8B186 /* Assets.xcassets */; };
		3DFD8A962C377AB300A8B186 /* Preview Assets.xcassets in Resources */ = {isa = PBXBuildFile; fileRef = 3DFD8A952C377AB300A8B186 /* Preview Assets.xcassets */; };
/* End PBXBuildFile section */

/* Begin PBXFileReference section */
		3D2E2F0B2CF56310002E06CF /* GyroControlView.swift */ = {isa = PBXFileReference; fileEncoding = 4; lastKnownFileType = sourcecode.swift; path = GyroControlView.swift; sourceTree = "<group>"; };
		3D2E2F0C2CF56310002E06CF /* MotionManager.swift */ = {isa = PBXFileReference; fileEncoding = 4; lastKnownFileType = sourcecode.swift; path = MotionManager.swift; sourceTree = "<group>"; };
		3D2E2F0D2CF56310002E06CF /* MovingHeadSettings.swift */ = {isa = PBXFileReference; fileEncoding = 4; lastKnownFileType = sourcecode.swift; path = MovingHeadSettings.swift; sourceTree = "<group>"; };
		3D2E2F122CF56338002E06CF /* RoomModel.swift */ = {isa = PBXFileReference; lastKnownFileType = sourcecode.swift; path = RoomModel.swift; sourceTree = "<group>"; };
		3D2E2F142CF56353002E06CF /* RoomSetupView.swift */ = {isa = PBXFileReference; lastKnownFileType = sourcecode.swift; path = RoomSetupView.swift; sourceTree = "<group>"; };
		3D2E2F182CF563B2002E06CF /* Room3DView.swift */ = {isa = PBXFileReference; lastKnownFileType = sourcecode.swift; path = Room3DView.swift; sourceTree = "<group>"; };
		3D2E2F1A2CF56BDA002E06CF /* LightPositioningView.swift */ = {isa = PBXFileReference; lastKnownFileType = sourcecode.swift; path = LightPositioningView.swift; sourceTree = "<group>"; };
		3D2E2F1C2CF6A642002E06CF /* CueMakerView.swift */ = {isa = PBXFileReference; lastKnownFileType = sourcecode.swift; path = CueMakerView.swift; sourceTree = "<group>"; };
		3D78D37F2C37812700123283 /* LaserColorView.swift */ = {isa = PBXFileReference; lastKnownFileType = sourcecode.swift; path = LaserColorView.swift; sourceTree = "<group>"; };
		3D78D3812C37817500123283 /* PatternControlView.swift */ = {isa = PBXFileReference; lastKnownFileType = sourcecode.swift; path = PatternControlView.swift; sourceTree = "<group>"; };
		3D78D3832C37819F00123283 /* ModeControlView.swift */ = {isa = PBXFileReference; lastKnownFileType = sourcecode.swift; path = ModeControlView.swift; sourceTree = "<group>"; };
		3D78D3852C3781BF00123283 /* LaserSettings.swift */ = {isa = PBXFileReference; lastKnownFileType = sourcecode.swift; path = LaserSettings.swift; sourceTree = "<group>"; };
		3D78D3892C37AF6900123283 /* HomeView.swift */ = {isa = PBXFileReference; lastKnownFileType = sourcecode.swift; path = HomeView.swift; sourceTree = "<group>"; };
		3D953A2A2CA3B93900E66C94 /* Objects.swift */ = {isa = PBXFileReference; lastKnownFileType = sourcecode.swift; path = Objects.swift; sourceTree = "<group>"; };
		3D953A2C2CA4E2B600E66C94 /* TapDetector.swift */ = {isa = PBXFileReference; lastKnownFileType = sourcecode.swift; path = TapDetector.swift; sourceTree = "<group>"; };
		3D953A2E2CA60C9200E66C94 /* CustomSliderView.swift */ = {isa = PBXFileReference; lastKnownFileType = sourcecode.swift; path = CustomSliderView.swift; sourceTree = "<group>"; };
		3DA7ADAC2C3A3C6100D52F38 /* LaserConfig.swift */ = {isa = PBXFileReference; lastKnownFileType = sourcecode.swift; path = LaserConfig.swift; sourceTree = "<group>"; };
		3DDEEFAB2CE96B7E00429363 /* SettingsView.swift */ = {isa = PBXFileReference; lastKnownFileType = sourcecode.swift; path = SettingsView.swift; sourceTree = "<group>"; };
		3DDEEFAD2CE96EE700429363 /* ServerSettings.swift */ = {isa = PBXFileReference; lastKnownFileType = sourcecode.swift; path = ServerSettings.swift; sourceTree = "<group>"; };
		3DDEEFB12CE99E0100429363 /* SocketIOManager.swift */ = {isa = PBXFileReference; lastKnownFileType = sourcecode.swift; path = SocketIOManager.swift; sourceTree = "<group>"; };
		3DF733462C3F7F3700DF9C83 /* Extensions.swift */ = {isa = PBXFileReference; lastKnownFileType = sourcecode.swift; path = Extensions.swift; sourceTree = "<group>"; };
		3DFD8A8B2C377AB100A8B186 /* LaserSync.app */ = {isa = PBXFileReference; explicitFileType = wrapper.application; includeInIndex = 0; path = LaserSync.app; sourceTree = BUILT_PRODUCTS_DIR; };
		3DFD8A8E2C377AB100A8B186 /* LaserSyncApp.swift */ = {isa = PBXFileReference; lastKnownFileType = sourcecode.swift; path = LaserSyncApp.swift; sourceTree = "<group>"; };
		3DFD8A902C377AB100A8B186 /* ContentView.swift */ = {isa = PBXFileReference; lastKnownFileType = sourcecode.swift; path = ContentView.swift; sourceTree = "<group>"; };
		3DFD8A922C377AB300A8B186 /* Assets.xcassets */ = {isa = PBXFileReference; lastKnownFileType = folder.assetcatalog; path = Assets.xcassets; sourceTree = "<group>"; };
		3DFD8A952C377AB300A8B186 /* Preview Assets.xcassets */ = {isa = PBXFileReference; lastKnownFileType = folder.assetcatalog; path = "Preview Assets.xcassets"; sourceTree = "<group>"; };
/* End PBXFileReference section */

/* Begin PBXFrameworksBuildPhase section */
		3DFD8A882C377AB100A8B186 /* Frameworks */ = {
			isa = PBXFrameworksBuildPhase;
			buildActionMask = 2147483647;
			files = (
				3DDEEFB52CE99E9B00429363 /* SocketIO in Frameworks */,
			);
			runOnlyForDeploymentPostprocessing = 0;
		};
/* End PBXFrameworksBuildPhase section */

/* Begin PBXGroup section */
		3D2E2F0A2CF56310002E06CF /* 3D Mapper */ = {
			isa = PBXGroup;
			children = (
				3D2E2F122CF56338002E06CF /* RoomModel.swift */,
				3D2E2F142CF56353002E06CF /* RoomSetupView.swift */,
				3D2E2F182CF563B2002E06CF /* Room3DView.swift */,
				3D2E2F1A2CF56BDA002E06CF /* LightPositioningView.swift */,
			);
			path = "3D Mapper";
			sourceTree = "<group>";
		};
		3D2E2F0E2CF56310002E06CF /* MHSettings */ = {
			isa = PBXGroup;
			children = (
				3D2E2F0A2CF56310002E06CF /* 3D Mapper */,
				3D2E2F0B2CF56310002E06CF /* GyroControlView.swift */,
				3D2E2F0C2CF56310002E06CF /* MotionManager.swift */,
				3D2E2F0D2CF56310002E06CF /* MovingHeadSettings.swift */,
			);
			path = MHSettings;
			sourceTree = "<group>";
		};
		3D7FBC142CF24CCA0078F5E4 /* Settings */ = {
			isa = PBXGroup;
			children = (
				3D2E2F0E2CF56310002E06CF /* MHSettings */,
				3DDEEFAB2CE96B7E00429363 /* SettingsView.swift */,
				3D78D3852C3781BF00123283 /* LaserSettings.swift */,
				3DDEEFAD2CE96EE700429363 /* ServerSettings.swift */,
				3D2E2F1C2CF6A642002E06CF /* CueMakerView.swift */,
			);
			path = Settings;
			sourceTree = "<group>";
		};
		3DFD8A822C377AB100A8B186 = {
			isa = PBXGroup;
			children = (
				3DFD8A8D2C377AB100A8B186 /* LaserSync */,
				3DFD8A8C2C377AB100A8B186 /* Products */,
			);
			sourceTree = "<group>";
		};
		3DFD8A8C2C377AB100A8B186 /* Products */ = {
			isa = PBXGroup;
			children = (
				3DFD8A8B2C377AB100A8B186 /* LaserSync.app */,
			);
			name = Products;
			sourceTree = "<group>";
		};
		3DFD8A8D2C377AB100A8B186 /* LaserSync */ = {
			isa = PBXGroup;
			children = (
				3DFD8A8E2C377AB100A8B186 /* LaserSyncApp.swift */,
				3DFD8A902C377AB100A8B186 /* ContentView.swift */,
				3D78D37F2C37812700123283 /* LaserColorView.swift */,
				3D78D3812C37817500123283 /* PatternControlView.swift */,
				3D78D3832C37819F00123283 /* ModeControlView.swift */,
				3D78D3892C37AF6900123283 /* HomeView.swift */,
				3DFD8A922C377AB300A8B186 /* Assets.xcassets */,
				3DFD8A942C377AB300A8B186 /* Preview Content */,
				3DA7ADAC2C3A3C6100D52F38 /* LaserConfig.swift */,
				3D7FBC142CF24CCA0078F5E4 /* Settings */,
				3DDEEFB12CE99E0100429363 /* SocketIOManager.swift */,
				3D953A2A2CA3B93900E66C94 /* Objects.swift */,
				3DF733462C3F7F3700DF9C83 /* Extensions.swift */,
				3D953A2C2CA4E2B600E66C94 /* TapDetector.swift */,
				3D953A2E2CA60C9200E66C94 /* CustomSliderView.swift */,
			);
			path = LaserSync;
			sourceTree = "<group>";
		};
		3DFD8A942C377AB300A8B186 /* Preview Content */ = {
			isa = PBXGroup;
			children = (
				3DFD8A952C377AB300A8B186 /* Preview Assets.xcassets */,
			);
			path = "Preview Content";
			sourceTree = "<group>";
		};
/* End PBXGroup section */

/* Begin PBXNativeTarget section */
		3DFD8A8A2C377AB100A8B186 /* LaserSync */ = {
			isa = PBXNativeTarget;
			buildConfigurationList = 3DFD8A992C377AB300A8B186 /* Build configuration list for PBXNativeTarget "LaserSync" */;
			buildPhases = (
				3DFD8A872C377AB100A8B186 /* Sources */,
				3DFD8A882C377AB100A8B186 /* Frameworks */,
				3DFD8A892C377AB100A8B186 /* Resources */,
			);
			buildRules = (
			);
			dependencies = (
			);
			name = LaserSync;
			packageProductDependencies = (
				3DDEEFB42CE99E9B00429363 /* SocketIO */,
			);
			productName = LaserSync;
			productReference = 3DFD8A8B2C377AB100A8B186 /* LaserSync.app */;
			productType = "com.apple.product-type.application";
		};
/* End PBXNativeTarget section */

/* Begin PBXProject section */
		3DFD8A832C377AB100A8B186 /* Project object */ = {
			isa = PBXProject;
			attributes = {
				BuildIndependentTargetsInParallel = 1;
				LastSwiftUpdateCheck = 1540;
				LastUpgradeCheck = 1540;
				TargetAttributes = {
					3DFD8A8A2C377AB100A8B186 = {
						CreatedOnToolsVersion = 15.4;
					};
				};
			};
			buildConfigurationList = 3DFD8A862C377AB100A8B186 /* Build configuration list for PBXProject "LaserSync" */;
			compatibilityVersion = "Xcode 14.0";
			developmentRegion = en;
			hasScannedForEncodings = 0;
			knownRegions = (
				en,
				Base,
			);
			mainGroup = 3DFD8A822C377AB100A8B186;
			packageReferences = (
				3DDEEFB32CE99E9B00429363 /* XCRemoteSwiftPackageReference "socket" */,
			);
			productRefGroup = 3DFD8A8C2C377AB100A8B186 /* Products */;
			projectDirPath = "";
			projectRoot = "";
			targets = (
				3DFD8A8A2C377AB100A8B186 /* LaserSync */,
			);
		};
/* End PBXProject section */

/* Begin PBXResourcesBuildPhase section */
		3DFD8A892C377AB100A8B186 /* Resources */ = {
			isa = PBXResourcesBuildPhase;
			buildActionMask = 2147483647;
			files = (
				3DFD8A962C377AB300A8B186 /* Preview Assets.xcassets in Resources */,
				3DFD8A932C377AB300A8B186 /* Assets.xcassets in Resources */,
			);
			runOnlyForDeploymentPostprocessing = 0;
		};
/* End PBXResourcesBuildPhase section */

/* Begin PBXSourcesBuildPhase section */
		3DFD8A872C377AB100A8B186 /* Sources */ = {
			isa = PBXSourcesBuildPhase;
			buildActionMask = 2147483647;
			files = (
				3D78D3842C37819F00123283 /* ModeControlView.swift in Sources */,
				3DF733472C3F7F3700DF9C83 /* Extensions.swift in Sources */,
				3D953A2F2CA60C9200E66C94 /* CustomSliderView.swift in Sources */,
				3DFD8A912C377AB100A8B186 /* ContentView.swift in Sources */,
				3D2E2F192CF563B2002E06CF /* Room3DView.swift in Sources */,
				3D2E2F1B2CF56BDA002E06CF /* LightPositioningView.swift in Sources */,
				3D78D3822C37817500123283 /* PatternControlView.swift in Sources */,
				3D78D3802C37812700123283 /* LaserColorView.swift in Sources */,
				3DFD8A8F2C377AB100A8B186 /* LaserSyncApp.swift in Sources */,
				3D953A2B2CA3B93900E66C94 /* Objects.swift in Sources */,
				3D953A2D2CA4E2B600E66C94 /* TapDetector.swift in Sources */,
				3DDEEFAE2CE96EE700429363 /* ServerSettings.swift in Sources */,
				3D2E2F102CF56310002E06CF /* MotionManager.swift in Sources */,
				3D78D38A2C37AF6900123283 /* HomeView.swift in Sources */,
				3DA7ADAD2C3A3C6100D52F38 /* LaserConfig.swift in Sources */,
				3DDEEFB22CE99E0100429363 /* SocketIOManager.swift in Sources */,
				3D2E2F0F2CF56310002E06CF /* GyroControlView.swift in Sources */,
				3D78D3862C3781BF00123283 /* LaserSettings.swift in Sources */,
				3D2E2F112CF56310002E06CF /* MovingHeadSettings.swift in Sources */,
				3D2E2F132CF56338002E06CF /* RoomModel.swift in Sources */,
				3DDEEFAC2CE96B7E00429363 /* SettingsView.swift in Sources */,
				3D2E2F152CF56353002E06CF /* RoomSetupView.swift in Sources */,
				3D2E2F1D2CF6A642002E06CF /* CueMakerView.swift in Sources */,
			);
			runOnlyForDeploymentPostprocessing = 0;
		};
/* End PBXSourcesBuildPhase section */

/* Begin XCBuildConfiguration section */
		3DFD8A972C377AB300A8B186 /* Debug */ = {
			isa = XCBuildConfiguration;
			buildSettings = {
				ALWAYS_SEARCH_USER_PATHS = NO;
				ASSETCATALOG_COMPILER_GENERATE_SWIFT_ASSET_SYMBOL_EXTENSIONS = YES;
				CLANG_ANALYZER_NONNULL = YES;
				CLANG_ANALYZER_NUMBER_OBJECT_CONVERSION = YES_AGGRESSIVE;
				CLANG_CXX_LANGUAGE_STANDARD = "gnu++20";
				CLANG_ENABLE_MODULES = YES;
				CLANG_ENABLE_OBJC_ARC = YES;
				CLANG_ENABLE_OBJC_WEAK = YES;
				CLANG_WARN_BLOCK_CAPTURE_AUTORELEASING = YES;
				CLANG_WARN_BOOL_CONVERSION = YES;
				CLANG_WARN_COMMA = YES;
				CLANG_WARN_CONSTANT_CONVERSION = YES;
				CLANG_WARN_DEPRECATED_OBJC_IMPLEMENTATIONS = YES;
				CLANG_WARN_DIRECT_OBJC_ISA_USAGE = YES_ERROR;
				CLANG_WARN_DOCUMENTATION_COMMENTS = YES;
				CLANG_WARN_EMPTY_BODY = YES;
				CLANG_WARN_ENUM_CONVERSION = YES;
				CLANG_WARN_INFINITE_RECURSION = YES;
				CLANG_WARN_INT_CONVERSION = YES;
				CLANG_WARN_NON_LITERAL_NULL_CONVERSION = YES;
				CLANG_WARN_OBJC_IMPLICIT_RETAIN_SELF = YES;
				CLANG_WARN_OBJC_LITERAL_CONVERSION = YES;
				CLANG_WARN_OBJC_ROOT_CLASS = YES_ERROR;
				CLANG_WARN_QUOTED_INCLUDE_IN_FRAMEWORK_HEADER = YES;
				CLANG_WARN_RANGE_LOOP_ANALYSIS = YES;
				CLANG_WARN_STRICT_PROTOTYPES = YES;
				CLANG_WARN_SUSPICIOUS_MOVE = YES;
				CLANG_WARN_UNGUARDED_AVAILABILITY = YES_AGGRESSIVE;
				CLANG_WARN_UNREACHABLE_CODE = YES;
				CLANG_WARN__DUPLICATE_METHOD_MATCH = YES;
				COPY_PHASE_STRIP = NO;
				DEBUG_INFORMATION_FORMAT = dwarf;
				ENABLE_STRICT_OBJC_MSGSEND = YES;
				ENABLE_TESTABILITY = YES;
				ENABLE_USER_SCRIPT_SANDBOXING = YES;
				GCC_C_LANGUAGE_STANDARD = gnu17;
				GCC_DYNAMIC_NO_PIC = NO;
				GCC_NO_COMMON_BLOCKS = YES;
				GCC_OPTIMIZATION_LEVEL = 0;
				GCC_PREPROCESSOR_DEFINITIONS = (
					"DEBUG=1",
					"$(inherited)",
				);
				GCC_WARN_64_TO_32_BIT_CONVERSION = YES;
				GCC_WARN_ABOUT_RETURN_TYPE = YES_ERROR;
				GCC_WARN_UNDECLARED_SELECTOR = YES;
				GCC_WARN_UNINITIALIZED_AUTOS = YES_AGGRESSIVE;
				GCC_WARN_UNUSED_FUNCTION = YES;
				GCC_WARN_UNUSED_VARIABLE = YES;
				IPHONEOS_DEPLOYMENT_TARGET = 17.5;
				LOCALIZATION_PREFERS_STRING_CATALOGS = YES;
				MTL_ENABLE_DEBUG_INFO = INCLUDE_SOURCE;
				MTL_FAST_MATH = YES;
				ONLY_ACTIVE_ARCH = YES;
				SDKROOT = iphoneos;
				SWIFT_ACTIVE_COMPILATION_CONDITIONS = "DEBUG $(inherited)";
				SWIFT_OPTIMIZATION_LEVEL = "-Onone";
			};
			name = Debug;
		};
		3DFD8A982C377AB300A8B186 /* Release */ = {
			isa = XCBuildConfiguration;
			buildSettings = {
				ALWAYS_SEARCH_USER_PATHS = NO;
				ASSETCATALOG_COMPILER_GENERATE_SWIFT_ASSET_SYMBOL_EXTENSIONS = YES;
				CLANG_ANALYZER_NONNULL = YES;
				CLANG_ANALYZER_NUMBER_OBJECT_CONVERSION = YES_AGGRESSIVE;
				CLANG_CXX_LANGUAGE_STANDARD = "gnu++20";
				CLANG_ENABLE_MODULES = YES;
				CLANG_ENABLE_OBJC_ARC = YES;
				CLANG_ENABLE_OBJC_WEAK = YES;
				CLANG_WARN_BLOCK_CAPTURE_AUTORELEASING = YES;
				CLANG_WARN_BOOL_CONVERSION = YES;
				CLANG_WARN_COMMA = YES;
				CLANG_WARN_CONSTANT_CONVERSION = YES;
				CLANG_WARN_DEPRECATED_OBJC_IMPLEMENTATIONS = YES;
				CLANG_WARN_DIRECT_OBJC_ISA_USAGE = YES_ERROR;
				CLANG_WARN_DOCUMENTATION_COMMENTS = YES;
				CLANG_WARN_EMPTY_BODY = YES;
				CLANG_WARN_ENUM_CONVERSION = YES;
				CLANG_WARN_INFINITE_RECURSION = YES;
				CLANG_WARN_INT_CONVERSION = YES;
				CLANG_WARN_NON_LITERAL_NULL_CONVERSION = YES;
				CLANG_WARN_OBJC_IMPLICIT_RETAIN_SELF = YES;
				CLANG_WARN_OBJC_LITERAL_CONVERSION = YES;
				CLANG_WARN_OBJC_ROOT_CLASS = YES_ERROR;
				CLANG_WARN_QUOTED_INCLUDE_IN_FRAMEWORK_HEADER = YES;
				CLANG_WARN_RANGE_LOOP_ANALYSIS = YES;
				CLANG_WARN_STRICT_PROTOTYPES = YES;
				CLANG_WARN_SUSPICIOUS_MOVE = YES;
				CLANG_WARN_UNGUARDED_AVAILABILITY = YES_AGGRESSIVE;
				CLANG_WARN_UNREACHABLE_CODE = YES;
				CLANG_WARN__DUPLICATE_METHOD_MATCH = YES;
				COPY_PHASE_STRIP = NO;
				DEBUG_INFORMATION_FORMAT = "dwarf-with-dsym";
				ENABLE_NS_ASSERTIONS = NO;
				ENABLE_STRICT_OBJC_MSGSEND = YES;
				ENABLE_USER_SCRIPT_SANDBOXING = YES;
				GCC_C_LANGUAGE_STANDARD = gnu17;
				GCC_NO_COMMON_BLOCKS = YES;
				GCC_WARN_64_TO_32_BIT_CONVERSION = YES;
				GCC_WARN_ABOUT_RETURN_TYPE = YES_ERROR;
				GCC_WARN_UNDECLARED_SELECTOR = YES;
				GCC_WARN_UNINITIALIZED_AUTOS = YES_AGGRESSIVE;
				GCC_WARN_UNUSED_FUNCTION = YES;
				GCC_WARN_UNUSED_VARIABLE = YES;
				IPHONEOS_DEPLOYMENT_TARGET = 17.5;
				LOCALIZATION_PREFERS_STRING_CATALOGS = YES;
				MTL_ENABLE_DEBUG_INFO = NO;
				MTL_FAST_MATH = YES;
				SDKROOT = iphoneos;
				SWIFT_COMPILATION_MODE = wholemodule;
				VALIDATE_PRODUCT = YES;
			};
			name = Release;
		};
		3DFD8A9A2C377AB300A8B186 /* Debug */ = {
			isa = XCBuildConfiguration;
			buildSettings = {
				ASSETCATALOG_COMPILER_APPICON_NAME = AppIcon;
				ASSETCATALOG_COMPILER_GLOBAL_ACCENT_COLOR_NAME = AccentColor;
				CODE_SIGN_STYLE = Automatic;
				CURRENT_PROJECT_VERSION = 1;
				DEVELOPMENT_ASSET_PATHS = "\"LaserSync/Preview Content\"";
				DEVELOPMENT_TEAM = 56PC8WXY7Q;
				ENABLE_PREVIEWS = YES;
				GENERATE_INFOPLIST_FILE = YES;
				INFOPLIST_KEY_UIApplicationSceneManifest_Generation = YES;
				INFOPLIST_KEY_UIApplicationSupportsIndirectInputEvents = YES;
				INFOPLIST_KEY_UILaunchScreen_Generation = YES;
				INFOPLIST_KEY_UISupportedInterfaceOrientations_iPad = "UIInterfaceOrientationPortrait UIInterfaceOrientationPortraitUpsideDown UIInterfaceOrientationLandscapeLeft UIInterfaceOrientationLandscapeRight";
				INFOPLIST_KEY_UISupportedInterfaceOrientations_iPhone = "UIInterfaceOrientationPortrait UIInterfaceOrientationLandscapeLeft UIInterfaceOrientationLandscapeRight";
				INFOPLIST_KEY_UIUserInterfaceStyle = Dark;
				LD_RUNPATH_SEARCH_PATHS = (
					"$(inherited)",
					"@executable_path/Frameworks",
				);
				MARKETING_VERSION = 1.0;
				PRODUCT_BUNDLE_IDENTIFIER = com.Jusolijus17.LaserSync;
				PRODUCT_NAME = "$(TARGET_NAME)";
				SWIFT_EMIT_LOC_STRINGS = YES;
				SWIFT_VERSION = 5.0;
				TARGETED_DEVICE_FAMILY = "1,2";
			};
			name = Debug;
		};
		3DFD8A9B2C377AB300A8B186 /* Release */ = {
			isa = XCBuildConfiguration;
			buildSettings = {
				ASSETCATALOG_COMPILER_APPICON_NAME = AppIcon;
				ASSETCATALOG_COMPILER_GLOBAL_ACCENT_COLOR_NAME = AccentColor;
				CODE_SIGN_STYLE = Automatic;
				CURRENT_PROJECT_VERSION = 1;
				DEVELOPMENT_ASSET_PATHS = "\"LaserSync/Preview Content\"";
				DEVELOPMENT_TEAM = 56PC8WXY7Q;
				ENABLE_PREVIEWS = YES;
				GENERATE_INFOPLIST_FILE = YES;
				INFOPLIST_KEY_UIApplicationSceneManifest_Generation = YES;
				INFOPLIST_KEY_UIApplicationSupportsIndirectInputEvents = YES;
				INFOPLIST_KEY_UILaunchScreen_Generation = YES;
				INFOPLIST_KEY_UISupportedInterfaceOrientations_iPad = "UIInterfaceOrientationPortrait UIInterfaceOrientationPortraitUpsideDown UIInterfaceOrientationLandscapeLeft UIInterfaceOrientationLandscapeRight";
				INFOPLIST_KEY_UISupportedInterfaceOrientations_iPhone = "UIInterfaceOrientationPortrait UIInterfaceOrientationLandscapeLeft UIInterfaceOrientationLandscapeRight";
				INFOPLIST_KEY_UIUserInterfaceStyle = Dark;
				LD_RUNPATH_SEARCH_PATHS = (
					"$(inherited)",
					"@executable_path/Frameworks",
				);
				MARKETING_VERSION = 1.0;
				PRODUCT_BUNDLE_IDENTIFIER = com.Jusolijus17.LaserSync;
				PRODUCT_NAME = "$(TARGET_NAME)";
				SWIFT_EMIT_LOC_STRINGS = YES;
				SWIFT_VERSION = 5.0;
				TARGETED_DEVICE_FAMILY = "1,2";
			};
			name = Release;
		};
/* End XCBuildConfiguration section */

/* Begin XCConfigurationList section */
		3DFD8A862C377AB100A8B186 /* Build configuration list for PBXProject "LaserSync" */ = {
			isa = XCConfigurationList;
			buildConfigurations = (
				3DFD8A972C377AB300A8B186 /* Debug */,
				3DFD8A982C377AB300A8B186 /* Release */,
			);
			defaultConfigurationIsVisible = 0;
			defaultConfigurationName = Release;
		};
		3DFD8A992C377AB300A8B186 /* Build configuration list for PBXNativeTarget "LaserSync" */ = {
			isa = XCConfigurationList;
			buildConfigurations = (
				3DFD8A9A2C377AB300A8B186 /* Debug */,
				3DFD8A9B2C377AB300A8B186 /* Release */,
			);
			defaultConfigurationIsVisible = 0;
			defaultConfigurationName = Release;
		};
/* End XCConfigurationList section */

/* Begin XCRemoteSwiftPackageReference section */
		3DDEEFB32CE99E9B00429363 /* XCRemoteSwiftPackageReference "socket" */ = {
			isa = XCRemoteSwiftPackageReference;
			repositoryURL = "https://github.com/socketio/socket.io-client-swift";
			requirement = {
				branch = master;
				kind = branch;
			};
		};
/* End XCRemoteSwiftPackageReference section */

/* Begin XCSwiftPackageProductDependency section */
		3DDEEFB42CE99E9B00429363 /* SocketIO */ = {
			isa = XCSwiftPackageProductDependency;
			package = 3DDEEFB32CE99E9B00429363 /* XCRemoteSwiftPackageReference "socket" */;
			productName = SocketIO;
		};
/* End XCSwiftPackageProductDependency section */
	};
	rootObject = 3DFD8A832C377AB100A8B186 /* Project object */;
}
